
Microsoft Visual Studio Solution File, Format Version 12.00
# Visual Studio 15
VisualStudioVersion = 15.0.27703.2035
MinimumVisualStudioVersion = 10.0.40219.1
Project("{FAE04EC0-301F-11D3-BF4B-00C04F79EFBC}") = "ACMEForms", "ACMEForms.csproj", "{C691A2F9-266D-403B-AD2A-822706BB1639}"
EndProject
Project("{9A19103F-16F7-4668-BE54-9A1E7A4F7556}") = "ACMESharp", "..\..\ACMESharp\ACMESharp.csproj", "{FDB6FBFE-165E-4AD4-B4FE-A0B3D48A007E}"
EndProject
Project("{9A19103F-16F7-4668-BE54-9A1E7A4F7556}") = "Examples.Common.PKI", "..\Examples.Common.PKI\Examples.Common.PKI.csproj", "{E3FA6FA5-2252-49D8-92FB-E5CA98D5D6CE}"
EndProject
Project("{9A19103F-16F7-4668-BE54-9A1E7A4F7556}") = "PKISharp.SimplePKI", "..\..\PKISharp.SimplePKI\PKISharp.SimplePKI.csproj", "{CFECC9DD-048C-4E17-B268-DA6E7429CFB3}"
EndProject
Project("{9A19103F-16F7-4668-BE54-9A1E7A4F7556}") = "Examples.Common", "..\Examples.Common\Examples.Common.csproj", "{C5868DE7-C546-4A3B-8472-5DCF0809102B}"
EndProject
Global
	GlobalSection(SolutionConfigurationPlatforms) = preSolution
		Debug|Any CPU = Debug|Any CPU
		Release|Any CPU = Release|Any CPU
	EndGlobalSection
	GlobalSection(ProjectConfigurationPlatforms) = postSolution
		{C691A2F9-266D-403B-AD2A-822706BB1639}.Debug|Any CPU.ActiveCfg = Debug|Any CPU
		{C691A2F9-266D-403B-AD2A-822706BB1639}.Debug|Any CPU.Build.0 = Debug|Any CPU
		{C691A2F9-266D-403B-AD2A-822706BB1639}.Release|Any CPU.ActiveCfg = Release|Any CPU
		{C691A2F9-266D-403B-AD2A-822706BB1639}.Release|Any CPU.Build.0 = Release|Any CPU
		{FDB6FBFE-165E-4AD4-B4FE-A0B3D48A007E}.Debug|Any CPU.ActiveCfg = Debug|Any CPU
		{FDB6FBFE-165E-4AD4-B4FE-A0B3D48A007E}.Debug|Any CPU.Build.0 = Debug|Any CPU
		{FDB6FBFE-165E-4AD4-B4FE-A0B3D48A007E}.Release|Any CPU.ActiveCfg = Release|Any CPU
		{FDB6FBFE-165E-4AD4-B4FE-A0B3D48A007E}.Release|Any CPU.Build.0 = Release|Any CPU
		{E3FA6FA5-2252-49D8-92FB-E5CA98D5D6CE}.Debug|Any CPU.ActiveCfg = Debug|Any CPU
		{E3FA6FA5-2252-49D8-92FB-E5CA98D5D6CE}.Debug|Any CPU.Build.0 = Debug|Any CPU
		{E3FA6FA5-2252-49D8-92FB-E5CA98D5D6CE}.Release|Any CPU.ActiveCfg = Release|Any CPU
		{E3FA6FA5-2252-49D8-92FB-E5CA98D5D6CE}.Release|Any CPU.Build.0 = Release|Any CPU
		{CFECC9DD-048C-4E17-B268-DA6E7429CFB3}.Debug|Any CPU.ActiveCfg = Debug|Any CPU
		{CFECC9DD-048C-4E17-B268-DA6E7429CFB3}.Debug|Any CPU.Build.0 = Debug|Any CPU
		{CFECC9DD-048C-4E17-B268-DA6E7429CFB3}.Release|Any CPU.ActiveCfg = Release|Any CPU
		{CFECC9DD-048C-4E17-B268-DA6E7429CFB3}.Release|Any CPU.Build.0 = Release|Any CPU
		{C5868DE7-C546-4A3B-8472-5DCF0809102B}.Debug|Any CPU.ActiveCfg = Debug|Any CPU
		{C5868DE7-C546-4A3B-8472-5DCF0809102B}.Debug|Any CPU.Build.0 = Debug|Any CPU
		{C5868DE7-C546-4A3B-8472-5DCF0809102B}.Release|Any CPU.ActiveCfg = Release|Any CPU
		{C5868DE7-C546-4A3B-8472-5DCF0809102B}.Release|Any CPU.Build.0 = Release|Any CPU
	EndGlobalSection
	GlobalSection(SolutionProperties) = preSolution
		HideSolutionNode = FALSE
	EndGlobalSection
	GlobalSection(ExtensibilityGlobals) = postSolution
		SolutionGuid = {7A83C6D1-A7C5-408D-AE51-FC99AEB5F5D5}
	EndGlobalSection
EndGlobal
