
Microsoft Visual Studio Solution File, Format Version 12.00
# Visual Studio 15
VisualStudioVersion = 15.0.27703.2035
MinimumVisualStudioVersion = 10.0.40219.1
Project("{FAE04EC0-301F-11D3-BF4B-00C04F79EFBC}") = "ACMEAvalon", "ACMEAvalon.csproj", "{D60E46F7-5EE9-462C-8BB5-CC218938865C}"
EndProject
Global
	GlobalSection(SolutionConfigurationPlatforms) = preSolution
		Debug|Any CPU = Debug|Any CPU
		Release|Any CPU = Release|Any CPU
	EndGlobalSection
	GlobalSection(ProjectConfigurationPlatforms) = postSolution
		{D60E46F7-5EE9-462C-8BB5-CC218938865C}.Debug|Any CPU.ActiveCfg = Debug|Any CPU
		{D60E46F7-5EE9-462C-8BB5-CC218938865C}.Debug|Any CPU.Build.0 = Debug|Any CPU
		{D60E46F7-5EE9-462C-8BB5-CC218938865C}.Release|Any CPU.ActiveCfg = Release|Any CPU
		{D60E46F7-5EE9-462C-8BB5-CC218938865C}.Release|Any CPU.Build.0 = Release|Any CPU
	EndGlobalSection
	GlobalSection(SolutionProperties) = preSolution
		HideSolutionNode = FALSE
	EndGlobalSection
	GlobalSection(ExtensibilityGlobals) = postSolution
		SolutionGuid = {78D03368-83D0-4B87-889B-D2B1B74B07CE}
	EndGlobalSection
EndGlobal
