
Microsoft Visual Studio Solution File, Format Version 12.00
# Visual Studio 15
VisualStudioVersion = 15.0.26124.0
MinimumVisualStudioVersion = 15.0.26124.0
Project("{FAE04EC0-301F-11D3-BF4B-00C04F79EFBC}") = "ACMESharp", "..\ACMESharp\ACMESharp.csproj", "{2D582638-6E48-424B-B93C-9B68C29C9A61}"
EndProject
Project("{FAE04EC0-301F-11D3-BF4B-00C04F79EFBC}") = "ACMETerm", "ACMETerm\ACMETerm.csproj", "{2F8F18CE-52E8-4B64-A7E6-56FCE2C99C15}"
EndProject
Project("{FAE04EC0-301F-11D3-BF4B-00C04F79EFBC}") = "ACMECLI", "ACMECLI\ACMECLI.csproj", "{215EDA52-4598-4E8D-BBD8-097F7FF015D7}"
EndProject
Global
	GlobalSection(SolutionConfigurationPlatforms) = preSolution
		Debug|Any CPU = Debug|Any CPU
		Debug|x64 = Debug|x64
		Debug|x86 = Debug|x86
		Release|Any CPU = Release|Any CPU
		Release|x64 = Release|x64
		Release|x86 = Release|x86
	EndGlobalSection
	GlobalSection(SolutionProperties) = preSolution
		HideSolutionNode = FALSE
	EndGlobalSection
	GlobalSection(ProjectConfigurationPlatforms) = postSolution
		{2D582638-6E48-424B-B93C-9B68C29C9A61}.Debug|Any CPU.ActiveCfg = Debug|Any CPU
		{2D582638-6E48-424B-B93C-9B68C29C9A61}.Debug|Any CPU.Build.0 = Debug|Any CPU
		{2D582638-6E48-424B-B93C-9B68C29C9A61}.Debug|x64.ActiveCfg = Debug|Any CPU
		{2D582638-6E48-424B-B93C-9B68C29C9A61}.Debug|x64.Build.0 = Debug|Any CPU
		{2D582638-6E48-424B-B93C-9B68C29C9A61}.Debug|x86.ActiveCfg = Debug|Any CPU
		{2D582638-6E48-424B-B93C-9B68C29C9A61}.Debug|x86.Build.0 = Debug|Any CPU
		{2D582638-6E48-424B-B93C-9B68C29C9A61}.Release|Any CPU.ActiveCfg = Release|Any CPU
		{2D582638-6E48-424B-B93C-9B68C29C9A61}.Release|Any CPU.Build.0 = Release|Any CPU
		{2D582638-6E48-424B-B93C-9B68C29C9A61}.Release|x64.ActiveCfg = Release|Any CPU
		{2D582638-6E48-424B-B93C-9B68C29C9A61}.Release|x64.Build.0 = Release|Any CPU
		{2D582638-6E48-424B-B93C-9B68C29C9A61}.Release|x86.ActiveCfg = Release|Any CPU
		{2D582638-6E48-424B-B93C-9B68C29C9A61}.Release|x86.Build.0 = Release|Any CPU
		{2F8F18CE-52E8-4B64-A7E6-56FCE2C99C15}.Debug|Any CPU.ActiveCfg = Debug|Any CPU
		{2F8F18CE-52E8-4B64-A7E6-56FCE2C99C15}.Debug|Any CPU.Build.0 = Debug|Any CPU
		{2F8F18CE-52E8-4B64-A7E6-56FCE2C99C15}.Debug|x64.ActiveCfg = Debug|Any CPU
		{2F8F18CE-52E8-4B64-A7E6-56FCE2C99C15}.Debug|x64.Build.0 = Debug|Any CPU
		{2F8F18CE-52E8-4B64-A7E6-56FCE2C99C15}.Debug|x86.ActiveCfg = Debug|Any CPU
		{2F8F18CE-52E8-4B64-A7E6-56FCE2C99C15}.Debug|x86.Build.0 = Debug|Any CPU
		{2F8F18CE-52E8-4B64-A7E6-56FCE2C99C15}.Release|Any CPU.ActiveCfg = Release|Any CPU
		{2F8F18CE-52E8-4B64-A7E6-56FCE2C99C15}.Release|Any CPU.Build.0 = Release|Any CPU
		{2F8F18CE-52E8-4B64-A7E6-56FCE2C99C15}.Release|x64.ActiveCfg = Release|Any CPU
		{2F8F18CE-52E8-4B64-A7E6-56FCE2C99C15}.Release|x64.Build.0 = Release|Any CPU
		{2F8F18CE-52E8-4B64-A7E6-56FCE2C99C15}.Release|x86.ActiveCfg = Release|Any CPU
		{2F8F18CE-52E8-4B64-A7E6-56FCE2C99C15}.Release|x86.Build.0 = Release|Any CPU
		{215EDA52-4598-4E8D-BBD8-097F7FF015D7}.Debug|Any CPU.ActiveCfg = Debug|Any CPU
		{215EDA52-4598-4E8D-BBD8-097F7FF015D7}.Debug|Any CPU.Build.0 = Debug|Any CPU
		{215EDA52-4598-4E8D-BBD8-097F7FF015D7}.Debug|x64.ActiveCfg = Debug|Any CPU
		{215EDA52-4598-4E8D-BBD8-097F7FF015D7}.Debug|x64.Build.0 = Debug|Any CPU
		{215EDA52-4598-4E8D-BBD8-097F7FF015D7}.Debug|x86.ActiveCfg = Debug|Any CPU
		{215EDA52-4598-4E8D-BBD8-097F7FF015D7}.Debug|x86.Build.0 = Debug|Any CPU
		{215EDA52-4598-4E8D-BBD8-097F7FF015D7}.Release|Any CPU.ActiveCfg = Release|Any CPU
		{215EDA52-4598-4E8D-BBD8-097F7FF015D7}.Release|Any CPU.Build.0 = Release|Any CPU
		{215EDA52-4598-4E8D-BBD8-097F7FF015D7}.Release|x64.ActiveCfg = Release|Any CPU
		{215EDA52-4598-4E8D-BBD8-097F7FF015D7}.Release|x64.Build.0 = Release|Any CPU
		{215EDA52-4598-4E8D-BBD8-097F7FF015D7}.Release|x86.ActiveCfg = Release|Any CPU
		{215EDA52-4598-4E8D-BBD8-097F7FF015D7}.Release|x86.Build.0 = Release|Any CPU
	EndGlobalSection
EndGlobal
