
Microsoft Visual Studio Solution File, Format Version 12.00
# Visual Studio 15
VisualStudioVersion = 15.0.26124.0
MinimumVisualStudioVersion = 15.0.26124.0
Project("{9A19103F-16F7-4668-BE54-9A1E7A4F7556}") = "ACMESharp", "..\ACMESharp\ACMESharp.csproj", "{2D582638-6E48-424B-B93C-9B68C29C9A61}"
EndProject
Project("{9A19103F-16F7-4668-BE54-9A1E7A4F7556}") = "ACMETerm", "ACMETerm\ACMETerm.csproj", "{2F8F18CE-52E8-4B64-A7E6-56FCE2C99C15}"
EndProject
Project("{9A19103F-16F7-4668-BE54-9A1E7A4F7556}") = "ACMECLI", "ACMECLI\ACMECLI.csproj", "{215EDA52-4598-4E8D-BBD8-097F7FF015D7}"
EndProject
Project("{9A19103F-16F7-4668-BE54-9A1E7A4F7556}") = "ACMEKestrel", "ACMEKestrel\ACMEKestrel.csproj", "{D4C1D60E-F4F4-4378-959E-3DC072E4B660}"
EndProject
Project("{9A19103F-16F7-4668-BE54-9A1E7A4F7556}") = "PKISharp.SimplePKI", "..\PKISharp.SimplePKI\PKISharp.SimplePKI.csproj", "{C68522D5-864D-4EF8-915A-87DA1E36F665}"
EndProject
Project("{9A19103F-16F7-4668-BE54-9A1E7A4F7556}") = "Examples.Common", "Examples.Common\Examples.Common.csproj", "{46C2C67F-89E1-4ABA-8572-B1D85B1C173E}"
EndProject
Project("{9A19103F-16F7-4668-BE54-9A1E7A4F7556}") = "Examples.Common.PKI", "Examples.Common.PKI\Examples.Common.PKI.csproj", "{CBC5C933-18B5-4396-B799-D3F1C0E0CBD1}"
EndProject
Project("{9A19103F-16F7-4668-BE54-9A1E7A4F7556}") = "ACMESharp.DotNetCore", "..\ACMESharp.DotNetCore\ACMESharp.DotNetCore.csproj", "{74AA1103-03CB-4F6F-AFF0-D27DF75A684C}"
EndProject
Global
	GlobalSection(SolutionConfigurationPlatforms) = preSolution
		Debug|Any CPU = Debug|Any CPU
		Debug|x64 = Debug|x64
		Debug|x86 = Debug|x86
		Release|Any CPU = Release|Any CPU
		Release|x64 = Release|x64
		Release|x86 = Release|x86
	EndGlobalSection
	GlobalSection(ProjectConfigurationPlatforms) = postSolution
		{2D582638-6E48-424B-B93C-9B68C29C9A61}.Debug|Any CPU.ActiveCfg = Debug|Any CPU
		{2D582638-6E48-424B-B93C-9B68C29C9A61}.Debug|Any CPU.Build.0 = Debug|Any CPU
		{2D582638-6E48-424B-B93C-9B68C29C9A61}.Debug|x64.ActiveCfg = Debug|Any CPU
		{2D582638-6E48-424B-B93C-9B68C29C9A61}.Debug|x64.Build.0 = Debug|Any CPU
		{2D582638-6E48-424B-B93C-9B68C29C9A61}.Debug|x86.ActiveCfg = Debug|Any CPU
		{2D582638-6E48-424B-B93C-9B68C29C9A61}.Debug|x86.Build.0 = Debug|Any CPU
		{2D582638-6E48-424B-B93C-9B68C29C9A61}.Release|Any CPU.ActiveCfg = Release|Any CPU
		{2D582638-6E48-424B-B93C-9B68C29C9A61}.Release|Any CPU.Build.0 = Release|Any CPU
		{2D582638-6E48-424B-B93C-9B68C29C9A61}.Release|x64.ActiveCfg = Release|Any CPU
		{2D582638-6E48-424B-B93C-9B68C29C9A61}.Release|x64.Build.0 = Release|Any CPU
		{2D582638-6E48-424B-B93C-9B68C29C9A61}.Release|x86.ActiveCfg = Release|Any CPU
		{2D582638-6E48-424B-B93C-9B68C29C9A61}.Release|x86.Build.0 = Release|Any CPU
		{2F8F18CE-52E8-4B64-A7E6-56FCE2C99C15}.Debug|Any CPU.ActiveCfg = Debug|Any CPU
		{2F8F18CE-52E8-4B64-A7E6-56FCE2C99C15}.Debug|Any CPU.Build.0 = Debug|Any CPU
		{2F8F18CE-52E8-4B64-A7E6-56FCE2C99C15}.Debug|x64.ActiveCfg = Debug|Any CPU
		{2F8F18CE-52E8-4B64-A7E6-56FCE2C99C15}.Debug|x64.Build.0 = Debug|Any CPU
		{2F8F18CE-52E8-4B64-A7E6-56FCE2C99C15}.Debug|x86.ActiveCfg = Debug|Any CPU
		{2F8F18CE-52E8-4B64-A7E6-56FCE2C99C15}.Debug|x86.Build.0 = Debug|Any CPU
		{2F8F18CE-52E8-4B64-A7E6-56FCE2C99C15}.Release|Any CPU.ActiveCfg = Release|Any CPU
		{2F8F18CE-52E8-4B64-A7E6-56FCE2C99C15}.Release|Any CPU.Build.0 = Release|Any CPU
		{2F8F18CE-52E8-4B64-A7E6-56FCE2C99C15}.Release|x64.ActiveCfg = Release|Any CPU
		{2F8F18CE-52E8-4B64-A7E6-56FCE2C99C15}.Release|x64.Build.0 = Release|Any CPU
		{2F8F18CE-52E8-4B64-A7E6-56FCE2C99C15}.Release|x86.ActiveCfg = Release|Any CPU
		{2F8F18CE-52E8-4B64-A7E6-56FCE2C99C15}.Release|x86.Build.0 = Release|Any CPU
		{215EDA52-4598-4E8D-BBD8-097F7FF015D7}.Debug|Any CPU.ActiveCfg = Debug|Any CPU
		{215EDA52-4598-4E8D-BBD8-097F7FF015D7}.Debug|Any CPU.Build.0 = Debug|Any CPU
		{215EDA52-4598-4E8D-BBD8-097F7FF015D7}.Debug|x64.ActiveCfg = Debug|Any CPU
		{215EDA52-4598-4E8D-BBD8-097F7FF015D7}.Debug|x64.Build.0 = Debug|Any CPU
		{215EDA52-4598-4E8D-BBD8-097F7FF015D7}.Debug|x86.ActiveCfg = Debug|Any CPU
		{215EDA52-4598-4E8D-BBD8-097F7FF015D7}.Debug|x86.Build.0 = Debug|Any CPU
		{215EDA52-4598-4E8D-BBD8-097F7FF015D7}.Release|Any CPU.ActiveCfg = Release|Any CPU
		{215EDA52-4598-4E8D-BBD8-097F7FF015D7}.Release|Any CPU.Build.0 = Release|Any CPU
		{215EDA52-4598-4E8D-BBD8-097F7FF015D7}.Release|x64.ActiveCfg = Release|Any CPU
		{215EDA52-4598-4E8D-BBD8-097F7FF015D7}.Release|x64.Build.0 = Release|Any CPU
		{215EDA52-4598-4E8D-BBD8-097F7FF015D7}.Release|x86.ActiveCfg = Release|Any CPU
		{215EDA52-4598-4E8D-BBD8-097F7FF015D7}.Release|x86.Build.0 = Release|Any CPU
		{D4C1D60E-F4F4-4378-959E-3DC072E4B660}.Debug|Any CPU.ActiveCfg = Debug|Any CPU
		{D4C1D60E-F4F4-4378-959E-3DC072E4B660}.Debug|Any CPU.Build.0 = Debug|Any CPU
		{D4C1D60E-F4F4-4378-959E-3DC072E4B660}.Debug|x64.ActiveCfg = Debug|Any CPU
		{D4C1D60E-F4F4-4378-959E-3DC072E4B660}.Debug|x64.Build.0 = Debug|Any CPU
		{D4C1D60E-F4F4-4378-959E-3DC072E4B660}.Debug|x86.ActiveCfg = Debug|Any CPU
		{D4C1D60E-F4F4-4378-959E-3DC072E4B660}.Debug|x86.Build.0 = Debug|Any CPU
		{D4C1D60E-F4F4-4378-959E-3DC072E4B660}.Release|Any CPU.ActiveCfg = Release|Any CPU
		{D4C1D60E-F4F4-4378-959E-3DC072E4B660}.Release|Any CPU.Build.0 = Release|Any CPU
		{D4C1D60E-F4F4-4378-959E-3DC072E4B660}.Release|x64.ActiveCfg = Release|Any CPU
		{D4C1D60E-F4F4-4378-959E-3DC072E4B660}.Release|x64.Build.0 = Release|Any CPU
		{D4C1D60E-F4F4-4378-959E-3DC072E4B660}.Release|x86.ActiveCfg = Release|Any CPU
		{D4C1D60E-F4F4-4378-959E-3DC072E4B660}.Release|x86.Build.0 = Release|Any CPU
		{C68522D5-864D-4EF8-915A-87DA1E36F665}.Debug|Any CPU.ActiveCfg = Debug|Any CPU
		{C68522D5-864D-4EF8-915A-87DA1E36F665}.Debug|Any CPU.Build.0 = Debug|Any CPU
		{C68522D5-864D-4EF8-915A-87DA1E36F665}.Debug|x64.ActiveCfg = Debug|Any CPU
		{C68522D5-864D-4EF8-915A-87DA1E36F665}.Debug|x64.Build.0 = Debug|Any CPU
		{C68522D5-864D-4EF8-915A-87DA1E36F665}.Debug|x86.ActiveCfg = Debug|Any CPU
		{C68522D5-864D-4EF8-915A-87DA1E36F665}.Debug|x86.Build.0 = Debug|Any CPU
		{C68522D5-864D-4EF8-915A-87DA1E36F665}.Release|Any CPU.ActiveCfg = Release|Any CPU
		{C68522D5-864D-4EF8-915A-87DA1E36F665}.Release|Any CPU.Build.0 = Release|Any CPU
		{C68522D5-864D-4EF8-915A-87DA1E36F665}.Release|x64.ActiveCfg = Release|Any CPU
		{C68522D5-864D-4EF8-915A-87DA1E36F665}.Release|x64.Build.0 = Release|Any CPU
		{C68522D5-864D-4EF8-915A-87DA1E36F665}.Release|x86.ActiveCfg = Release|Any CPU
		{C68522D5-864D-4EF8-915A-87DA1E36F665}.Release|x86.Build.0 = Release|Any CPU
		{46C2C67F-89E1-4ABA-8572-B1D85B1C173E}.Debug|Any CPU.ActiveCfg = Debug|Any CPU
		{46C2C67F-89E1-4ABA-8572-B1D85B1C173E}.Debug|Any CPU.Build.0 = Debug|Any CPU
		{46C2C67F-89E1-4ABA-8572-B1D85B1C173E}.Debug|x64.ActiveCfg = Debug|Any CPU
		{46C2C67F-89E1-4ABA-8572-B1D85B1C173E}.Debug|x64.Build.0 = Debug|Any CPU
		{46C2C67F-89E1-4ABA-8572-B1D85B1C173E}.Debug|x86.ActiveCfg = Debug|Any CPU
		{46C2C67F-89E1-4ABA-8572-B1D85B1C173E}.Debug|x86.Build.0 = Debug|Any CPU
		{46C2C67F-89E1-4ABA-8572-B1D85B1C173E}.Release|Any CPU.ActiveCfg = Release|Any CPU
		{46C2C67F-89E1-4ABA-8572-B1D85B1C173E}.Release|Any CPU.Build.0 = Release|Any CPU
		{46C2C67F-89E1-4ABA-8572-B1D85B1C173E}.Release|x64.ActiveCfg = Release|Any CPU
		{46C2C67F-89E1-4ABA-8572-B1D85B1C173E}.Release|x64.Build.0 = Release|Any CPU
		{46C2C67F-89E1-4ABA-8572-B1D85B1C173E}.Release|x86.ActiveCfg = Release|Any CPU
		{46C2C67F-89E1-4ABA-8572-B1D85B1C173E}.Release|x86.Build.0 = Release|Any CPU
		{CBC5C933-18B5-4396-B799-D3F1C0E0CBD1}.Debug|Any CPU.ActiveCfg = Debug|Any CPU
		{CBC5C933-18B5-4396-B799-D3F1C0E0CBD1}.Debug|Any CPU.Build.0 = Debug|Any CPU
		{CBC5C933-18B5-4396-B799-D3F1C0E0CBD1}.Debug|x64.ActiveCfg = Debug|Any CPU
		{CBC5C933-18B5-4396-B799-D3F1C0E0CBD1}.Debug|x64.Build.0 = Debug|Any CPU
		{CBC5C933-18B5-4396-B799-D3F1C0E0CBD1}.Debug|x86.ActiveCfg = Debug|Any CPU
		{CBC5C933-18B5-4396-B799-D3F1C0E0CBD1}.Debug|x86.Build.0 = Debug|Any CPU
		{CBC5C933-18B5-4396-B799-D3F1C0E0CBD1}.Release|Any CPU.ActiveCfg = Release|Any CPU
		{CBC5C933-18B5-4396-B799-D3F1C0E0CBD1}.Release|Any CPU.Build.0 = Release|Any CPU
		{CBC5C933-18B5-4396-B799-D3F1C0E0CBD1}.Release|x64.ActiveCfg = Release|Any CPU
		{CBC5C933-18B5-4396-B799-D3F1C0E0CBD1}.Release|x64.Build.0 = Release|Any CPU
		{CBC5C933-18B5-4396-B799-D3F1C0E0CBD1}.Release|x86.ActiveCfg = Release|Any CPU
		{CBC5C933-18B5-4396-B799-D3F1C0E0CBD1}.Release|x86.Build.0 = Release|Any CPU
		{74AA1103-03CB-4F6F-AFF0-D27DF75A684C}.Debug|Any CPU.ActiveCfg = Debug|Any CPU
		{74AA1103-03CB-4F6F-AFF0-D27DF75A684C}.Debug|Any CPU.Build.0 = Debug|Any CPU
		{74AA1103-03CB-4F6F-AFF0-D27DF75A684C}.Debug|x64.ActiveCfg = Debug|Any CPU
		{74AA1103-03CB-4F6F-AFF0-D27DF75A684C}.Debug|x64.Build.0 = Debug|Any CPU
		{74AA1103-03CB-4F6F-AFF0-D27DF75A684C}.Debug|x86.ActiveCfg = Debug|Any CPU
		{74AA1103-03CB-4F6F-AFF0-D27DF75A684C}.Debug|x86.Build.0 = Debug|Any CPU
		{74AA1103-03CB-4F6F-AFF0-D27DF75A684C}.Release|Any CPU.ActiveCfg = Release|Any CPU
		{74AA1103-03CB-4F6F-AFF0-D27DF75A684C}.Release|Any CPU.Build.0 = Release|Any CPU
		{74AA1103-03CB-4F6F-AFF0-D27DF75A684C}.Release|x64.ActiveCfg = Release|Any CPU
		{74AA1103-03CB-4F6F-AFF0-D27DF75A684C}.Release|x64.Build.0 = Release|Any CPU
		{74AA1103-03CB-4F6F-AFF0-D27DF75A684C}.Release|x86.ActiveCfg = Release|Any CPU
		{74AA1103-03CB-4F6F-AFF0-D27DF75A684C}.Release|x86.Build.0 = Release|Any CPU
	EndGlobalSection
	GlobalSection(SolutionProperties) = preSolution
		HideSolutionNode = FALSE
	EndGlobalSection
	GlobalSection(ExtensibilityGlobals) = postSolution
		SolutionGuid = {BA521F60-080E-4F97-9507-2E450FC8A368}
	EndGlobalSection
EndGlobal
